
Microsoft Visual Studio Solution File, Format Version 12.00
# Visual Studio Version 16
VisualStudioVersion = 16.0.28803.452
MinimumVisualStudioVersion = 10.0.40219.1
Project("{FAE04EC0-301F-11D3-BF4B-00C04F79EFBC}") = "RBtn_Msg", "RBtn_Msg\RBtn_Msg.csproj", "{96A6CC05-1049-48F4-8718-FF890CA27FEA}"
EndProject
Global
	GlobalSection(SolutionConfigurationPlatforms) = preSolution
		Debug|Any CPU = Debug|Any CPU
		Release|Any CPU = Release|Any CPU
	EndGlobalSection
	GlobalSection(ProjectConfigurationPlatforms) = postSolution
		{96A6CC05-1049-48F4-8718-FF890CA27FEA}.Debug|Any CPU.ActiveCfg = Debug|Any CPU
		{96A6CC05-1049-48F4-8718-FF890CA27FEA}.Debug|Any CPU.Build.0 = Debug|Any CPU
		{96A6CC05-1049-48F4-8718-FF890CA27FEA}.Release|Any CPU.ActiveCfg = Release|Any CPU
		{96A6CC05-1049-48F4-8718-FF890CA27FEA}.Release|Any CPU.Build.0 = Release|Any CPU
	EndGlobalSection
	GlobalSection(SolutionProperties) = preSolution
		HideSolutionNode = FALSE
	EndGlobalSection
	GlobalSection(ExtensibilityGlobals) = postSolution
		SolutionGuid = {5A184EBC-8651-4448-A562-C9018859BC90}
	EndGlobalSection
EndGlobal
